
Microsoft Visual Studio Solution File, Format Version 12.00
# Visual Studio Version 17
VisualStudioVersion = 17.5.002.0
MinimumVisualStudioVersion = 10.0.40219.1
Project("{2150E333-8FDC-42A3-9474-1A3956D46DE8}") = "src", "src", "{F3817076-DCA4-49EC-A780-1C6FD1CDC55E}"
EndProject
Project("{FAE04EC0-301F-11D3-BF4B-00C04F79EFBC}") = "HostFixture", "src\HostFixture\HostFixture.csproj", "{C3903BDD-F591-402B-811D-1DB5D8DF743F}"
EndProject
Project("{2150E333-8FDC-42A3-9474-1A3956D46DE8}") = "test", "test", "{5730BA50-6799-4C76-B644-93D8A781A445}"
EndProject
Project("{FAE04EC0-301F-11D3-BF4B-00C04F79EFBC}") = "HostFixtureTests", "test\HostFixtureTests\HostFixtureTests.csproj", "{AFA2F1E5-F05C-4352-BF32-5D2E6035ECC1}"
EndProject
Project("{FAE04EC0-301F-11D3-BF4B-00C04F79EFBC}") = "TestWebApi", "test\TestWebApi\TestWebApi.csproj", "{48D27B9F-7FD2-4F87-9A7A-BAD10DF708F9}"
EndProject
Global
	GlobalSection(SolutionProperties) = preSolution
		HideSolutionNode = FALSE
	EndGlobalSection
	GlobalSection(ExtensibilityGlobals) = postSolution
		SolutionGuid = {950EEB77-0C04-452D-A450-3CE08EAEB810}
	EndGlobalSection
	GlobalSection(SolutionConfigurationPlatforms) = preSolution
		Debug|Any CPU = Debug|Any CPU
		Debug|x64 = Debug|x64
		Debug|x86 = Debug|x86
		Release|Any CPU = Release|Any CPU
		Release|x64 = Release|x64
		Release|x86 = Release|x86
	EndGlobalSection
	GlobalSection(ProjectConfigurationPlatforms) = postSolution
		{C3903BDD-F591-402B-811D-1DB5D8DF743F}.Debug|Any CPU.ActiveCfg = Debug|Any CPU
		{C3903BDD-F591-402B-811D-1DB5D8DF743F}.Debug|Any CPU.Build.0 = Debug|Any CPU
		{C3903BDD-F591-402B-811D-1DB5D8DF743F}.Debug|x64.ActiveCfg = Debug|Any CPU
		{C3903BDD-F591-402B-811D-1DB5D8DF743F}.Debug|x64.Build.0 = Debug|Any CPU
		{C3903BDD-F591-402B-811D-1DB5D8DF743F}.Debug|x86.ActiveCfg = Debug|Any CPU
		{C3903BDD-F591-402B-811D-1DB5D8DF743F}.Debug|x86.Build.0 = Debug|Any CPU
		{C3903BDD-F591-402B-811D-1DB5D8DF743F}.Release|Any CPU.ActiveCfg = Release|Any CPU
		{C3903BDD-F591-402B-811D-1DB5D8DF743F}.Release|Any CPU.Build.0 = Release|Any CPU
		{C3903BDD-F591-402B-811D-1DB5D8DF743F}.Release|x64.ActiveCfg = Release|Any CPU
		{C3903BDD-F591-402B-811D-1DB5D8DF743F}.Release|x64.Build.0 = Release|Any CPU
		{C3903BDD-F591-402B-811D-1DB5D8DF743F}.Release|x86.ActiveCfg = Release|Any CPU
		{C3903BDD-F591-402B-811D-1DB5D8DF743F}.Release|x86.Build.0 = Release|Any CPU
		{AFA2F1E5-F05C-4352-BF32-5D2E6035ECC1}.Debug|Any CPU.ActiveCfg = Debug|Any CPU
		{AFA2F1E5-F05C-4352-BF32-5D2E6035ECC1}.Debug|Any CPU.Build.0 = Debug|Any CPU
		{AFA2F1E5-F05C-4352-BF32-5D2E6035ECC1}.Debug|x64.ActiveCfg = Debug|Any CPU
		{AFA2F1E5-F05C-4352-BF32-5D2E6035ECC1}.Debug|x64.Build.0 = Debug|Any CPU
		{AFA2F1E5-F05C-4352-BF32-5D2E6035ECC1}.Debug|x86.ActiveCfg = Debug|Any CPU
		{AFA2F1E5-F05C-4352-BF32-5D2E6035ECC1}.Debug|x86.Build.0 = Debug|Any CPU
		{AFA2F1E5-F05C-4352-BF32-5D2E6035ECC1}.Release|Any CPU.ActiveCfg = Release|Any CPU
		{AFA2F1E5-F05C-4352-BF32-5D2E6035ECC1}.Release|Any CPU.Build.0 = Release|Any CPU
		{AFA2F1E5-F05C-4352-BF32-5D2E6035ECC1}.Release|x64.ActiveCfg = Release|Any CPU
		{AFA2F1E5-F05C-4352-BF32-5D2E6035ECC1}.Release|x64.Build.0 = Release|Any CPU
		{AFA2F1E5-F05C-4352-BF32-5D2E6035ECC1}.Release|x86.ActiveCfg = Release|Any CPU
		{AFA2F1E5-F05C-4352-BF32-5D2E6035ECC1}.Release|x86.Build.0 = Release|Any CPU
		{E38BADC7-8157-46C1-8CC0-C009D7E95C43}.Debug|Any CPU.ActiveCfg = Debug|Any CPU
		{E38BADC7-8157-46C1-8CC0-C009D7E95C43}.Debug|Any CPU.Build.0 = Debug|Any CPU
		{E38BADC7-8157-46C1-8CC0-C009D7E95C43}.Debug|x64.ActiveCfg = Debug|Any CPU
		{E38BADC7-8157-46C1-8CC0-C009D7E95C43}.Debug|x64.Build.0 = Debug|Any CPU
		{E38BADC7-8157-46C1-8CC0-C009D7E95C43}.Debug|x86.ActiveCfg = Debug|Any CPU
		{E38BADC7-8157-46C1-8CC0-C009D7E95C43}.Debug|x86.Build.0 = Debug|Any CPU
		{E38BADC7-8157-46C1-8CC0-C009D7E95C43}.Release|Any CPU.ActiveCfg = Release|Any CPU
		{E38BADC7-8157-46C1-8CC0-C009D7E95C43}.Release|Any CPU.Build.0 = Release|Any CPU
		{E38BADC7-8157-46C1-8CC0-C009D7E95C43}.Release|x64.ActiveCfg = Release|Any CPU
		{E38BADC7-8157-46C1-8CC0-C009D7E95C43}.Release|x64.Build.0 = Release|Any CPU
		{E38BADC7-8157-46C1-8CC0-C009D7E95C43}.Release|x86.ActiveCfg = Release|Any CPU
		{E38BADC7-8157-46C1-8CC0-C009D7E95C43}.Release|x86.Build.0 = Release|Any CPU
		{48D27B9F-7FD2-4F87-9A7A-BAD10DF708F9}.Debug|Any CPU.ActiveCfg = Debug|Any CPU
		{48D27B9F-7FD2-4F87-9A7A-BAD10DF708F9}.Debug|Any CPU.Build.0 = Debug|Any CPU
		{48D27B9F-7FD2-4F87-9A7A-BAD10DF708F9}.Debug|x64.ActiveCfg = Debug|Any CPU
		{48D27B9F-7FD2-4F87-9A7A-BAD10DF708F9}.Debug|x64.Build.0 = Debug|Any CPU
		{48D27B9F-7FD2-4F87-9A7A-BAD10DF708F9}.Debug|x86.ActiveCfg = Debug|Any CPU
		{48D27B9F-7FD2-4F87-9A7A-BAD10DF708F9}.Debug|x86.Build.0 = Debug|Any CPU
		{48D27B9F-7FD2-4F87-9A7A-BAD10DF708F9}.Release|Any CPU.ActiveCfg = Release|Any CPU
		{48D27B9F-7FD2-4F87-9A7A-BAD10DF708F9}.Release|Any CPU.Build.0 = Release|Any CPU
		{48D27B9F-7FD2-4F87-9A7A-BAD10DF708F9}.Release|x64.ActiveCfg = Release|Any CPU
		{48D27B9F-7FD2-4F87-9A7A-BAD10DF708F9}.Release|x64.Build.0 = Release|Any CPU
		{48D27B9F-7FD2-4F87-9A7A-BAD10DF708F9}.Release|x86.ActiveCfg = Release|Any CPU
		{48D27B9F-7FD2-4F87-9A7A-BAD10DF708F9}.Release|x86.Build.0 = Release|Any CPU
	EndGlobalSection
	GlobalSection(NestedProjects) = preSolution
		{C3903BDD-F591-402B-811D-1DB5D8DF743F} = {F3817076-DCA4-49EC-A780-1C6FD1CDC55E}
		{AFA2F1E5-F05C-4352-BF32-5D2E6035ECC1} = {5730BA50-6799-4C76-B644-93D8A781A445}
		{E38BADC7-8157-46C1-8CC0-C009D7E95C43} = {F3817076-DCA4-49EC-A780-1C6FD1CDC55E}
		{48D27B9F-7FD2-4F87-9A7A-BAD10DF708F9} = {5730BA50-6799-4C76-B644-93D8A781A445}
	EndGlobalSection
EndGlobal
